// !$*UTF8*$!
{
	archiveVersion = 1;
	classes = {
	};
	objectVersion = 50;
	objects = {

/* Begin PBXBuildFile section */
		CB03A41E2166C74900FA7B63 /* AppKit.framework in Frameworks */ = {isa = PBXBuildFile; fileRef = CB03A41D2166C74900FA7B63 /* AppKit.framework */; };
		CB03A4202166C75000FA7B63 /* Carbon.framework in Frameworks */ = {isa = PBXBuildFile; fileRef = CB03A41F2166C75000FA7B63 /* Carbon.framework */; };
		CB03A4222166C75600FA7B63 /* Foundation.framework in Frameworks */ = {isa = PBXBuildFile; fileRef = CB03A4212166C75600FA7B63 /* Foundation.framework */; };
		CB03A43F2166C84A00FA7B63 /* TypeExtensions.swift in Sources */ = {isa = PBXBuildFile; fileRef = CB03A4292166C84A00FA7B63 /* TypeExtensions.swift */; };
		CB03A4402166C84A00FA7B63 /* TermTypes.swift in Sources */ = {isa = PBXBuildFile; fileRef = CB03A42A2166C84A00FA7B63 /* TermTypes.swift */; };
		CB03A4412166C84A00FA7B63 /* AEApplicationGlue.swift in Sources */ = {isa = PBXBuildFile; fileRef = CB03A42B2166C84A00FA7B63 /* AEApplicationGlue.swift */; };
		CB03A4422166C84A00FA7B63 /* AppData.swift in Sources */ = {isa = PBXBuildFile; fileRef = CB03A42C2166C84A00FA7B63 /* AppData.swift */; };
		CB03A4432166C84A00FA7B63 /* GlueTable.swift in Sources */ = {isa = PBXBuildFile; fileRef = CB03A42D2166C84A00FA7B63 /* GlueTable.swift */; };
		CB03A4442166C84A00FA7B63 /* KeywordConverter.swift in Sources */ = {isa = PBXBuildFile; fileRef = CB03A42E2166C84A00FA7B63 /* KeywordConverter.swift */; };
		CB03A4452166C84A00FA7B63 /* SpecifierFormatter.swift in Sources */ = {isa = PBXBuildFile; fileRef = CB03A42F2166C84A00FA7B63 /* SpecifierFormatter.swift */; };
		CB03A4462166C84A00FA7B63 /* AEConstants.swift in Sources */ = {isa = PBXBuildFile; fileRef = CB03A4302166C84A00FA7B63 /* AEConstants.swift */; };
		CB03A4472166C84A00FA7B63 /* Specifier.swift in Sources */ = {isa = PBXBuildFile; fileRef = CB03A4312166C84A00FA7B63 /* Specifier.swift */; };
		CB03A4482166C84A00FA7B63 /* SDEFParser.swift in Sources */ = {isa = PBXBuildFile; fileRef = CB03A4322166C84A00FA7B63 /* SDEFParser.swift */; };
		CB03A4492166C84A00FA7B63 /* DefaultTerminology.swift in Sources */ = {isa = PBXBuildFile; fileRef = CB03A4332166C84A00FA7B63 /* DefaultTerminology.swift */; };
		CB03A44A2166C84A00FA7B63 /* SwiftGlueTemplate.swift in Sources */ = {isa = PBXBuildFile; fileRef = CB03A4342166C84A00FA7B63 /* SwiftGlueTemplate.swift */; };
		CB03A44B2166C84A00FA7B63 /* AETEParser.swift in Sources */ = {isa = PBXBuildFile; fileRef = CB03A4352166C84A00FA7B63 /* AETEParser.swift */; };
		CB03A44C2166C84A00FA7B63 /* Support.swift in Sources */ = {isa = PBXBuildFile; fileRef = CB03A4362166C84A00FA7B63 /* Support.swift */; };
		CB03A44D2166C84A00FA7B63 /* AppleEventFormatter.swift in Sources */ = {isa = PBXBuildFile; fileRef = CB03A4372166C84A00FA7B63 /* AppleEventFormatter.swift */; };
		CB03A44E2166C84A00FA7B63 /* Errors.swift in Sources */ = {isa = PBXBuildFile; fileRef = CB03A4392166C84A00FA7B63 /* Errors.swift */; };
		CB03A4502166C84A00FA7B63 /* SpecifierExtensions.swift in Sources */ = {isa = PBXBuildFile; fileRef = CB03A43B2166C84A00FA7B63 /* SpecifierExtensions.swift */; };
		CB03A4512166C84A00FA7B63 /* StaticGlueBuilder.swift in Sources */ = {isa = PBXBuildFile; fileRef = CB03A43C2166C84A00FA7B63 /* StaticGlueBuilder.swift */; };
		CB03A4532166C84A00FA7B63 /* Symbol.swift in Sources */ = {isa = PBXBuildFile; fileRef = CB03A43E2166C84A00FA7B63 /* Symbol.swift */; };
		CB187ACF21666E6C005A2492 /* Things3Glue.swift in Sources */ = {isa = PBXBuildFile; fileRef = CB187ACE21666E6B005A2492 /* Things3Glue.swift */; };
		CBFAC3C02165223F00AD9CD2 /* AppDelegate.swift in Sources */ = {isa = PBXBuildFile; fileRef = CBFAC3BF2165223F00AD9CD2 /* AppDelegate.swift */; };
		CBFAC3C22165224000AD9CD2 /* Assets.xcassets in Resources */ = {isa = PBXBuildFile; fileRef = CBFAC3C12165224000AD9CD2 /* Assets.xcassets */; };
		CBFAC3C52165224000AD9CD2 /* MainMenu.xib in Resources */ = {isa = PBXBuildFile; fileRef = CBFAC3C32165224000AD9CD2 /* MainMenu.xib */; };
/* End PBXBuildFile section */

/* Begin PBXFileReference section */
		CB03A41D2166C74900FA7B63 /* AppKit.framework */ = {isa = PBXFileReference; lastKnownFileType = wrapper.framework; name = AppKit.framework; path = System/Library/Frameworks/AppKit.framework; sourceTree = SDKROOT; };
		CB03A41F2166C75000FA7B63 /* Carbon.framework */ = {isa = PBXFileReference; lastKnownFileType = wrapper.framework; name = Carbon.framework; path = System/Library/Frameworks/Carbon.framework; sourceTree = SDKROOT; };
		CB03A4212166C75600FA7B63 /* Foundation.framework */ = {isa = PBXFileReference; lastKnownFileType = wrapper.framework; name = Foundation.framework; path = System/Library/Frameworks/Foundation.framework; sourceTree = SDKROOT; };
		CB03A4292166C84A00FA7B63 /* TypeExtensions.swift */ = {isa = PBXFileReference; fileEncoding = 4; lastKnownFileType = sourcecode.swift; path = TypeExtensions.swift; sourceTree = "<group>"; };
		CB03A42A2166C84A00FA7B63 /* TermTypes.swift */ = {isa = PBXFileReference; fileEncoding = 4; lastKnownFileType = sourcecode.swift; path = TermTypes.swift; sourceTree = "<group>"; };
		CB03A42B2166C84A00FA7B63 /* AEApplicationGlue.swift */ = {isa = PBXFileReference; fileEncoding = 4; lastKnownFileType = sourcecode.swift; path = AEApplicationGlue.swift; sourceTree = "<group>"; };
		CB03A42C2166C84A00FA7B63 /* AppData.swift */ = {isa = PBXFileReference; fileEncoding = 4; lastKnownFileType = sourcecode.swift; path = AppData.swift; sourceTree = "<group>"; };
		CB03A42D2166C84A00FA7B63 /* GlueTable.swift */ = {isa = PBXFileReference; fileEncoding = 4; lastKnownFileType = sourcecode.swift; path = GlueTable.swift; sourceTree = "<group>"; };
		CB03A42E2166C84A00FA7B63 /* KeywordConverter.swift */ = {isa = PBXFileReference; fileEncoding = 4; lastKnownFileType = sourcecode.swift; path = KeywordConverter.swift; sourceTree = "<group>"; };
		CB03A42F2166C84A00FA7B63 /* SpecifierFormatter.swift */ = {isa = PBXFileReference; fileEncoding = 4; lastKnownFileType = sourcecode.swift; path = SpecifierFormatter.swift; sourceTree = "<group>"; };
		CB03A4302166C84A00FA7B63 /* AEConstants.swift */ = {isa = PBXFileReference; fileEncoding = 4; lastKnownFileType = sourcecode.swift; path = AEConstants.swift; sourceTree = "<group>"; };
		CB03A4312166C84A00FA7B63 /* Specifier.swift */ = {isa = PBXFileReference; fileEncoding = 4; lastKnownFileType = sourcecode.swift; path = Specifier.swift; sourceTree = "<group>"; };
		CB03A4322166C84A00FA7B63 /* SDEFParser.swift */ = {isa = PBXFileReference; fileEncoding = 4; lastKnownFileType = sourcecode.swift; path = SDEFParser.swift; sourceTree = "<group>"; };
		CB03A4332166C84A00FA7B63 /* DefaultTerminology.swift */ = {isa = PBXFileReference; fileEncoding = 4; lastKnownFileType = sourcecode.swift; path = DefaultTerminology.swift; sourceTree = "<group>"; };
		CB03A4342166C84A00FA7B63 /* SwiftGlueTemplate.swift */ = {isa = PBXFileReference; fileEncoding = 4; lastKnownFileType = sourcecode.swift; path = SwiftGlueTemplate.swift; sourceTree = "<group>"; };
		CB03A4352166C84A00FA7B63 /* AETEParser.swift */ = {isa = PBXFileReference; fileEncoding = 4; lastKnownFileType = sourcecode.swift; path = AETEParser.swift; sourceTree = "<group>"; };
		CB03A4362166C84A00FA7B63 /* Support.swift */ = {isa = PBXFileReference; fileEncoding = 4; lastKnownFileType = sourcecode.swift; path = Support.swift; sourceTree = "<group>"; };
		CB03A4372166C84A00FA7B63 /* AppleEventFormatter.swift */ = {isa = PBXFileReference; fileEncoding = 4; lastKnownFileType = sourcecode.swift; path = AppleEventFormatter.swift; sourceTree = "<group>"; };
		CB03A4382166C84A00FA7B63 /* SwiftAutomation.h */ = {isa = PBXFileReference; fileEncoding = 4; lastKnownFileType = sourcecode.c.h; path = SwiftAutomation.h; sourceTree = "<group>"; };
		CB03A4392166C84A00FA7B63 /* Errors.swift */ = {isa = PBXFileReference; fileEncoding = 4; lastKnownFileType = sourcecode.swift; path = Errors.swift; sourceTree = "<group>"; };
		CB03A43B2166C84A00FA7B63 /* SpecifierExtensions.swift */ = {isa = PBXFileReference; fileEncoding = 4; lastKnownFileType = sourcecode.swift; path = SpecifierExtensions.swift; sourceTree = "<group>"; };
		CB03A43C2166C84A00FA7B63 /* StaticGlueBuilder.swift */ = {isa = PBXFileReference; fileEncoding = 4; lastKnownFileType = sourcecode.swift; path = StaticGlueBuilder.swift; sourceTree = "<group>"; };
		CB03A43E2166C84A00FA7B63 /* Symbol.swift */ = {isa = PBXFileReference; fileEncoding = 4; lastKnownFileType = sourcecode.swift; path = Symbol.swift; sourceTree = "<group>"; };
		CB187ACE21666E6B005A2492 /* Things3Glue.swift */ = {isa = PBXFileReference; fileEncoding = 4; lastKnownFileType = sourcecode.swift; path = Things3Glue.swift; sourceTree = "<group>"; };
		CBFAC3BC2165223F00AD9CD2 /* ThingsMenuApp.app */ = {isa = PBXFileReference; explicitFileType = wrapper.application; includeInIndex = 0; path = ThingsMenuApp.app; sourceTree = BUILT_PRODUCTS_DIR; };
		CBFAC3BF2165223F00AD9CD2 /* AppDelegate.swift */ = {isa = PBXFileReference; lastKnownFileType = sourcecode.swift; path = AppDelegate.swift; sourceTree = "<group>"; };
		CBFAC3C12165224000AD9CD2 /* Assets.xcassets */ = {isa = PBXFileReference; lastKnownFileType = folder.assetcatalog; path = Assets.xcassets; sourceTree = "<group>"; };
		CBFAC3C42165224000AD9CD2 /* Base */ = {isa = PBXFileReference; lastKnownFileType = file.xib; name = Base; path = Base.lproj/MainMenu.xib; sourceTree = "<group>"; };
		CBFAC3C62165224000AD9CD2 /* Info.plist */ = {isa = PBXFileReference; lastKnownFileType = text.plist.xml; path = Info.plist; sourceTree = "<group>"; };
		CBFAC3C72165224000AD9CD2 /* ThingsMenuApp.entitlements */ = {isa = PBXFileReference; lastKnownFileType = text.plist.entitlements; path = ThingsMenuApp.entitlements; sourceTree = "<group>"; };
/* End PBXFileReference section */

/* Begin PBXFrameworksBuildPhase section */
		CBFAC3B92165223F00AD9CD2 /* Frameworks */ = {
			isa = PBXFrameworksBuildPhase;
			buildActionMask = 2147483647;
			files = (
				CB03A4222166C75600FA7B63 /* Foundation.framework in Frameworks */,
				CB03A4202166C75000FA7B63 /* Carbon.framework in Frameworks */,
				CB03A41E2166C74900FA7B63 /* AppKit.framework in Frameworks */,
			);
			runOnlyForDeploymentPostprocessing = 0;
		};
/* End PBXFrameworksBuildPhase section */

/* Begin PBXGroup section */
		CB03A4282166C84A00FA7B63 /* SwiftAutomation */ = {
			isa = PBXGroup;
			children = (
				CB03A4292166C84A00FA7B63 /* TypeExtensions.swift */,
				CB03A42A2166C84A00FA7B63 /* TermTypes.swift */,
				CB03A42B2166C84A00FA7B63 /* AEApplicationGlue.swift */,
				CB03A42C2166C84A00FA7B63 /* AppData.swift */,
				CB03A42D2166C84A00FA7B63 /* GlueTable.swift */,
				CB03A42E2166C84A00FA7B63 /* KeywordConverter.swift */,
				CB03A42F2166C84A00FA7B63 /* SpecifierFormatter.swift */,
				CB03A4302166C84A00FA7B63 /* AEConstants.swift */,
				CB03A4312166C84A00FA7B63 /* Specifier.swift */,
				CB03A4322166C84A00FA7B63 /* SDEFParser.swift */,
				CB03A4332166C84A00FA7B63 /* DefaultTerminology.swift */,
				CB03A4342166C84A00FA7B63 /* SwiftGlueTemplate.swift */,
				CB03A4352166C84A00FA7B63 /* AETEParser.swift */,
				CB03A4362166C84A00FA7B63 /* Support.swift */,
				CB03A4372166C84A00FA7B63 /* AppleEventFormatter.swift */,
				CB03A4382166C84A00FA7B63 /* SwiftAutomation.h */,
				CB03A4392166C84A00FA7B63 /* Errors.swift */,
				CB03A43B2166C84A00FA7B63 /* SpecifierExtensions.swift */,
				CB03A43C2166C84A00FA7B63 /* StaticGlueBuilder.swift */,
				CB03A43E2166C84A00FA7B63 /* Symbol.swift */,
			);
			path = SwiftAutomation;
			sourceTree = "<group>";
		};
		CBFAC3B32165223F00AD9CD2 = {
			isa = PBXGroup;
			children = (
				CBFAC3BE2165223F00AD9CD2 /* ThingsMenuApp */,
				CBFAC3BD2165223F00AD9CD2 /* Products */,
				CBFAC3E02165298000AD9CD2 /* Frameworks */,
			);
			sourceTree = "<group>";
		};
		CBFAC3BD2165223F00AD9CD2 /* Products */ = {
			isa = PBXGroup;
			children = (
				CBFAC3BC2165223F00AD9CD2 /* ThingsMenuApp.app */,
			);
			name = Products;
			sourceTree = "<group>";
		};
		CBFAC3BE2165223F00AD9CD2 /* ThingsMenuApp */ = {
			isa = PBXGroup;
			children = (
				CB03A4282166C84A00FA7B63 /* SwiftAutomation */,
				CB187ACE21666E6B005A2492 /* Things3Glue.swift */,
				CBFAC3BF2165223F00AD9CD2 /* AppDelegate.swift */,
				CBFAC3C12165224000AD9CD2 /* Assets.xcassets */,
				CBFAC3C32165224000AD9CD2 /* MainMenu.xib */,
				CBFAC3C62165224000AD9CD2 /* Info.plist */,
				CBFAC3C72165224000AD9CD2 /* ThingsMenuApp.entitlements */,
			);
			path = ThingsMenuApp;
			sourceTree = "<group>";
		};
		CBFAC3E02165298000AD9CD2 /* Frameworks */ = {
			isa = PBXGroup;
			children = (
				CB03A4212166C75600FA7B63 /* Foundation.framework */,
				CB03A41F2166C75000FA7B63 /* Carbon.framework */,
				CB03A41D2166C74900FA7B63 /* AppKit.framework */,
			);
			name = Frameworks;
			sourceTree = "<group>";
		};
/* End PBXGroup section */

/* Begin PBXNativeTarget section */
		CBFAC3BB2165223F00AD9CD2 /* ThingsMenuApp */ = {
			isa = PBXNativeTarget;
			buildConfigurationList = CBFAC3CA2165224000AD9CD2 /* Build configuration list for PBXNativeTarget "ThingsMenuApp" */;
			buildPhases = (
				CBFAC3B82165223F00AD9CD2 /* Sources */,
				CBFAC3B92165223F00AD9CD2 /* Frameworks */,
				CBFAC3BA2165223F00AD9CD2 /* Resources */,
			);
			buildRules = (
			);
			dependencies = (
			);
			name = ThingsMenuApp;
			productName = ThingsMenuApp;
			productReference = CBFAC3BC2165223F00AD9CD2 /* ThingsMenuApp.app */;
			productType = "com.apple.product-type.application";
		};
/* End PBXNativeTarget section */

/* Begin PBXProject section */
		CBFAC3B42165223F00AD9CD2 /* Project object */ = {
			isa = PBXProject;
			attributes = {
				LastSwiftUpdateCheck = 1000;
				LastUpgradeCheck = 1000;
				ORGANIZATIONNAME = "Larry Gadea";
				TargetAttributes = {
					CBFAC3BB2165223F00AD9CD2 = {
						CreatedOnToolsVersion = 10.0;
						SystemCapabilities = {
							com.apple.HardenedRuntime = {
								enabled = 1;
							};
							com.apple.Sandbox = {
								enabled = 1;
							};
						};
					};
				};
			};
			buildConfigurationList = CBFAC3B72165223F00AD9CD2 /* Build configuration list for PBXProject "ThingsMenuApp" */;
			compatibilityVersion = "Xcode 9.3";
			developmentRegion = en;
			hasScannedForEncodings = 0;
			knownRegions = (
				en,
				Base,
			);
			mainGroup = CBFAC3B32165223F00AD9CD2;
			productRefGroup = CBFAC3BD2165223F00AD9CD2 /* Products */;
			projectDirPath = "";
			projectRoot = "";
			targets = (
				CBFAC3BB2165223F00AD9CD2 /* ThingsMenuApp */,
			);
		};
/* End PBXProject section */

/* Begin PBXResourcesBuildPhase section */
		CBFAC3BA2165223F00AD9CD2 /* Resources */ = {
			isa = PBXResourcesBuildPhase;
			buildActionMask = 2147483647;
			files = (
				CBFAC3C22165224000AD9CD2 /* Assets.xcassets in Resources */,
				CBFAC3C52165224000AD9CD2 /* MainMenu.xib in Resources */,
			);
			runOnlyForDeploymentPostprocessing = 0;
		};
/* End PBXResourcesBuildPhase section */

/* Begin PBXSourcesBuildPhase section */
		CBFAC3B82165223F00AD9CD2 /* Sources */ = {
			isa = PBXSourcesBuildPhase;
			buildActionMask = 2147483647;
			files = (
				CB03A4512166C84A00FA7B63 /* StaticGlueBuilder.swift in Sources */,
				CBFAC3C02165223F00AD9CD2 /* AppDelegate.swift in Sources */,
				CB187ACF21666E6C005A2492 /* Things3Glue.swift in Sources */,
				CB03A44A2166C84A00FA7B63 /* SwiftGlueTemplate.swift in Sources */,
				CB03A4482166C84A00FA7B63 /* SDEFParser.swift in Sources */,
				CB03A4412166C84A00FA7B63 /* AEApplicationGlue.swift in Sources */,
				CB03A44C2166C84A00FA7B63 /* Support.swift in Sources */,
				CB03A4432166C84A00FA7B63 /* GlueTable.swift in Sources */,
				CB03A44D2166C84A00FA7B63 /* AppleEventFormatter.swift in Sources */,
				CB03A44B2166C84A00FA7B63 /* AETEParser.swift in Sources */,
				CB03A4472166C84A00FA7B63 /* Specifier.swift in Sources */,
				CB03A4502166C84A00FA7B63 /* SpecifierExtensions.swift in Sources */,
				CB03A43F2166C84A00FA7B63 /* TypeExtensions.swift in Sources */,
				CB03A4452166C84A00FA7B63 /* SpecifierFormatter.swift in Sources */,
				CB03A4402166C84A00FA7B63 /* TermTypes.swift in Sources */,
				CB03A4442166C84A00FA7B63 /* KeywordConverter.swift in Sources */,
				CB03A4422166C84A00FA7B63 /* AppData.swift in Sources */,
				CB03A4532166C84A00FA7B63 /* Symbol.swift in Sources */,
				CB03A4492166C84A00FA7B63 /* DefaultTerminology.swift in Sources */,
				CB03A44E2166C84A00FA7B63 /* Errors.swift in Sources */,
				CB03A4462166C84A00FA7B63 /* AEConstants.swift in Sources */,
			);
			runOnlyForDeploymentPostprocessing = 0;
		};
/* End PBXSourcesBuildPhase section */

/* Begin PBXVariantGroup section */
		CBFAC3C32165224000AD9CD2 /* MainMenu.xib */ = {
			isa = PBXVariantGroup;
			children = (
				CBFAC3C42165224000AD9CD2 /* Base */,
			);
			name = MainMenu.xib;
			sourceTree = "<group>";
		};
/* End PBXVariantGroup section */

/* Begin XCBuildConfiguration section */
		CBFAC3C82165224000AD9CD2 /* Debug */ = {
			isa = XCBuildConfiguration;
			buildSettings = {
				ALWAYS_SEARCH_USER_PATHS = NO;
				CLANG_ANALYZER_NONNULL = YES;
				CLANG_ANALYZER_NUMBER_OBJECT_CONVERSION = YES_AGGRESSIVE;
				CLANG_CXX_LANGUAGE_STANDARD = "gnu++14";
				CLANG_CXX_LIBRARY = "libc++";
				CLANG_ENABLE_MODULES = YES;
				CLANG_ENABLE_OBJC_ARC = YES;
				CLANG_ENABLE_OBJC_WEAK = YES;
				CLANG_WARN_BLOCK_CAPTURE_AUTORELEASING = YES;
				CLANG_WARN_BOOL_CONVERSION = YES;
				CLANG_WARN_COMMA = YES;
				CLANG_WARN_CONSTANT_CONVERSION = YES;
				CLANG_WARN_DEPRECATED_OBJC_IMPLEMENTATIONS = YES;
				CLANG_WARN_DIRECT_OBJC_ISA_USAGE = YES_ERROR;
				CLANG_WARN_DOCUMENTATION_COMMENTS = YES;
				CLANG_WARN_EMPTY_BODY = YES;
				CLANG_WARN_ENUM_CONVERSION = YES;
				CLANG_WARN_INFINITE_RECURSION = YES;
				CLANG_WARN_INT_CONVERSION = YES;
				CLANG_WARN_NON_LITERAL_NULL_CONVERSION = YES;
				CLANG_WARN_OBJC_IMPLICIT_RETAIN_SELF = YES;
				CLANG_WARN_OBJC_LITERAL_CONVERSION = YES;
				CLANG_WARN_OBJC_ROOT_CLASS = YES_ERROR;
				CLANG_WARN_RANGE_LOOP_ANALYSIS = YES;
				CLANG_WARN_STRICT_PROTOTYPES = YES;
				CLANG_WARN_SUSPICIOUS_MOVE = YES;
				CLANG_WARN_UNGUARDED_AVAILABILITY = YES_AGGRESSIVE;
				CLANG_WARN_UNREACHABLE_CODE = YES;
				CLANG_WARN__DUPLICATE_METHOD_MATCH = YES;
				CODE_SIGN_IDENTITY = "Mac Developer";
				COPY_PHASE_STRIP = NO;
				DEBUG_INFORMATION_FORMAT = dwarf;
				ENABLE_STRICT_OBJC_MSGSEND = YES;
				ENABLE_TESTABILITY = YES;
				GCC_C_LANGUAGE_STANDARD = gnu11;
				GCC_DYNAMIC_NO_PIC = NO;
				GCC_NO_COMMON_BLOCKS = YES;
				GCC_OPTIMIZATION_LEVEL = 0;
				GCC_PREPROCESSOR_DEFINITIONS = (
					"DEBUG=1",
					"$(inherited)",
				);
				GCC_WARN_64_TO_32_BIT_CONVERSION = YES;
				GCC_WARN_ABOUT_RETURN_TYPE = YES_ERROR;
				GCC_WARN_UNDECLARED_SELECTOR = YES;
				GCC_WARN_UNINITIALIZED_AUTOS = YES_AGGRESSIVE;
				GCC_WARN_UNUSED_FUNCTION = YES;
				GCC_WARN_UNUSED_VARIABLE = YES;
				MACOSX_DEPLOYMENT_TARGET = 10.14;
				MTL_ENABLE_DEBUG_INFO = INCLUDE_SOURCE;
				MTL_FAST_MATH = YES;
				ONLY_ACTIVE_ARCH = YES;
				SDKROOT = macosx;
				SWIFT_ACTIVE_COMPILATION_CONDITIONS = DEBUG;
				SWIFT_OPTIMIZATION_LEVEL = "-Onone";
			};
			name = Debug;
		};
		CBFAC3C92165224000AD9CD2 /* Release */ = {
			isa = XCBuildConfiguration;
			buildSettings = {
				ALWAYS_SEARCH_USER_PATHS = NO;
				CLANG_ANALYZER_NONNULL = YES;
				CLANG_ANALYZER_NUMBER_OBJECT_CONVERSION = YES_AGGRESSIVE;
				CLANG_CXX_LANGUAGE_STANDARD = "gnu++14";
				CLANG_CXX_LIBRARY = "libc++";
				CLANG_ENABLE_MODULES = YES;
				CLANG_ENABLE_OBJC_ARC = YES;
				CLANG_ENABLE_OBJC_WEAK = YES;
				CLANG_WARN_BLOCK_CAPTURE_AUTORELEASING = YES;
				CLANG_WARN_BOOL_CONVERSION = YES;
				CLANG_WARN_COMMA = YES;
				CLANG_WARN_CONSTANT_CONVERSION = YES;
				CLANG_WARN_DEPRECATED_OBJC_IMPLEMENTATIONS = YES;
				CLANG_WARN_DIRECT_OBJC_ISA_USAGE = YES_ERROR;
				CLANG_WARN_DOCUMENTATION_COMMENTS = YES;
				CLANG_WARN_EMPTY_BODY = YES;
				CLANG_WARN_ENUM_CONVERSION = YES;
				CLANG_WARN_INFINITE_RECURSION = YES;
				CLANG_WARN_INT_CONVERSION = YES;
				CLANG_WARN_NON_LITERAL_NULL_CONVERSION = YES;
				CLANG_WARN_OBJC_IMPLICIT_RETAIN_SELF = YES;
				CLANG_WARN_OBJC_LITERAL_CONVERSION = YES;
				CLANG_WARN_OBJC_ROOT_CLASS = YES_ERROR;
				CLANG_WARN_RANGE_LOOP_ANALYSIS = YES;
				CLANG_WARN_STRICT_PROTOTYPES = YES;
				CLANG_WARN_SUSPICIOUS_MOVE = YES;
				CLANG_WARN_UNGUARDED_AVAILABILITY = YES_AGGRESSIVE;
				CLANG_WARN_UNREACHABLE_CODE = YES;
				CLANG_WARN__DUPLICATE_METHOD_MATCH = YES;
				CODE_SIGN_IDENTITY = "Mac Developer";
				COPY_PHASE_STRIP = NO;
				DEBUG_INFORMATION_FORMAT = "dwarf-with-dsym";
				ENABLE_NS_ASSERTIONS = NO;
				ENABLE_STRICT_OBJC_MSGSEND = YES;
				GCC_C_LANGUAGE_STANDARD = gnu11;
				GCC_NO_COMMON_BLOCKS = YES;
				GCC_WARN_64_TO_32_BIT_CONVERSION = YES;
				GCC_WARN_ABOUT_RETURN_TYPE = YES_ERROR;
				GCC_WARN_UNDECLARED_SELECTOR = YES;
				GCC_WARN_UNINITIALIZED_AUTOS = YES_AGGRESSIVE;
				GCC_WARN_UNUSED_FUNCTION = YES;
				GCC_WARN_UNUSED_VARIABLE = YES;
				MACOSX_DEPLOYMENT_TARGET = 10.14;
				MTL_ENABLE_DEBUG_INFO = NO;
				MTL_FAST_MATH = YES;
				SDKROOT = macosx;
				SWIFT_COMPILATION_MODE = wholemodule;
				SWIFT_OPTIMIZATION_LEVEL = "-O";
			};
			name = Release;
		};
		CBFAC3CB2165224000AD9CD2 /* Debug */ = {
			isa = XCBuildConfiguration;
			buildSettings = {
				ASSETCATALOG_COMPILER_APPICON_NAME = AppIcon;
				CODE_SIGN_ENTITLEMENTS = ThingsMenuApp/ThingsMenuApp.entitlements;
				CODE_SIGN_STYLE = Automatic;
				COMBINE_HIDPI_IMAGES = YES;
				DEVELOPMENT_TEAM = PMU29QA4P3;
				ENABLE_HARDENED_RUNTIME = YES;
				INFOPLIST_FILE = ThingsMenuApp/Info.plist;
				LD_RUNPATH_SEARCH_PATHS = (
					"$(inherited)",
					"@executable_path/../Frameworks",
				);
				MACOSX_DEPLOYMENT_TARGET = 10.14;
				PRODUCT_BUNDLE_IDENTIFIER = com.lg.ThingsMenuApp;
				PRODUCT_NAME = "$(TARGET_NAME)";
				SWIFT_VERSION = 4.2;
			};
			name = Debug;
		};
		CBFAC3CC2165224000AD9CD2 /* Release */ = {
			isa = XCBuildConfiguration;
			buildSettings = {
				ASSETCATALOG_COMPILER_APPICON_NAME = AppIcon;
				CODE_SIGN_ENTITLEMENTS = ThingsMenuApp/ThingsMenuApp.entitlements;
				CODE_SIGN_STYLE = Automatic;
				COMBINE_HIDPI_IMAGES = YES;
				DEVELOPMENT_TEAM = PMU29QA4P3;
				ENABLE_HARDENED_RUNTIME = YES;
				INFOPLIST_FILE = ThingsMenuApp/Info.plist;
				LD_RUNPATH_SEARCH_PATHS = (
					"$(inherited)",
					"@executable_path/../Frameworks",
				);
				MACOSX_DEPLOYMENT_TARGET = 10.14;
				PRODUCT_BUNDLE_IDENTIFIER = com.lg.ThingsMenuApp;
				PRODUCT_NAME = "$(TARGET_NAME)";
				SWIFT_VERSION = 4.2;
			};
			name = Release;
		};
/* End XCBuildConfiguration section */

/* Begin XCConfigurationList section */
		CBFAC3B72165223F00AD9CD2 /* Build configuration list for PBXProject "ThingsMenuApp" */ = {
			isa = XCConfigurationList;
			buildConfigurations = (
				CBFAC3C82165224000AD9CD2 /* Debug */,
				CBFAC3C92165224000AD9CD2 /* Release */,
			);
			defaultConfigurationIsVisible = 0;
			defaultConfigurationName = Release;
		};
		CBFAC3CA2165224000AD9CD2 /* Build configuration list for PBXNativeTarget "ThingsMenuApp" */ = {
			isa = XCConfigurationList;
			buildConfigurations = (
				CBFAC3CB2165224000AD9CD2 /* Debug */,
				CBFAC3CC2165224000AD9CD2 /* Release */,
			);
			defaultConfigurationIsVisible = 0;
			defaultConfigurationName = Release;
		};
/* End XCConfigurationList section */
	};
	rootObject = CBFAC3B42165223F00AD9CD2 /* Project object */;
}
